
Microsoft Visual Studio Solution File, Format Version 12.00
# Visual Studio Version 16
VisualStudioVersion = 16.0.31321.278
MinimumVisualStudioVersion = 10.0.40219.1
Project("{FAE04EC0-301F-11D3-BF4B-00C04F79EFBC}") = "EmployeeManagement", "EmployeeManagement\EmployeeManagement.csproj", "{127C2882-30FC-4566-8F8B-7706A61F85C8}"
EndProject
Project("{FAE04EC0-301F-11D3-BF4B-00C04F79EFBC}") = "EmployeeManagement_OSS", "..\EmployeeManagement_OSS\EmployeeManagement_OSS.csproj", "{73E0337B-F9D7-4965-8BF9-C3FD61980B83}"
EndProject
Global
	GlobalSection(SolutionConfigurationPlatforms) = preSolution
		Debug|Any CPU = Debug|Any CPU
		Release|Any CPU = Release|Any CPU
	EndGlobalSection
	GlobalSection(ProjectConfigurationPlatforms) = postSolution
		{127C2882-30FC-4566-8F8B-7706A61F85C8}.Debug|Any CPU.ActiveCfg = Debug|Any CPU
		{127C2882-30FC-4566-8F8B-7706A61F85C8}.Debug|Any CPU.Build.0 = Debug|Any CPU
		{127C2882-30FC-4566-8F8B-7706A61F85C8}.Release|Any CPU.ActiveCfg = Release|Any CPU
		{127C2882-30FC-4566-8F8B-7706A61F85C8}.Release|Any CPU.Build.0 = Release|Any CPU
		{73E0337B-F9D7-4965-8BF9-C3FD61980B83}.Debug|Any CPU.ActiveCfg = Debug|Any CPU
		{73E0337B-F9D7-4965-8BF9-C3FD61980B83}.Debug|Any CPU.Build.0 = Debug|Any CPU
		{73E0337B-F9D7-4965-8BF9-C3FD61980B83}.Release|Any CPU.ActiveCfg = Release|Any CPU
		{73E0337B-F9D7-4965-8BF9-C3FD61980B83}.Release|Any CPU.Build.0 = Release|Any CPU
	EndGlobalSection
	GlobalSection(SolutionProperties) = preSolution
		HideSolutionNode = FALSE
	EndGlobalSection
	GlobalSection(ExtensibilityGlobals) = postSolution
		SolutionGuid = {C297138D-DD77-4592-B1F4-5AEF7FE4FE10}
	EndGlobalSection
EndGlobal
